
Microsoft Visual Studio Solution File, Format Version 12.00
# Visual Studio Version 17
VisualStudioVersion = 17.7.34018.315
MinimumVisualStudioVersion = 10.0.40219.1
Project("{FAE04EC0-301F-11D3-BF4B-00C04F79EFBC}") = "ProjectSpy", "ProjectSpy\ProjectSpy.csproj", "{C6ADBE1C-7376-434B-9141-DC74A4FDEF7D}"
EndProject
Global
	GlobalSection(SolutionConfigurationPlatforms) = preSolution
		Debug|Any CPU = Debug|Any CPU
		Release|Any CPU = Release|Any CPU
	EndGlobalSection
	GlobalSection(ProjectConfigurationPlatforms) = postSolution
		{C6ADBE1C-7376-434B-9141-DC74A4FDEF7D}.Debug|Any CPU.ActiveCfg = Debug|Any CPU
		{C6ADBE1C-7376-434B-9141-DC74A4FDEF7D}.Debug|Any CPU.Build.0 = Debug|Any CPU
		{C6ADBE1C-7376-434B-9141-DC74A4FDEF7D}.Release|Any CPU.ActiveCfg = Release|Any CPU
		{C6ADBE1C-7376-434B-9141-DC74A4FDEF7D}.Release|Any CPU.Build.0 = Release|Any CPU
	EndGlobalSection
	GlobalSection(SolutionProperties) = preSolution
		HideSolutionNode = FALSE
	EndGlobalSection
	GlobalSection(ExtensibilityGlobals) = postSolution
		SolutionGuid = {65D92E81-EB07-4173-8B22-13740FEF9335}
	EndGlobalSection
EndGlobal
